
Microsoft Visual Studio Solution File, Format Version 12.00
# Visual Studio 15
VisualStudioVersion = 15.0.26430.16
MinimumVisualStudioVersion = 10.0.40219.1
Project("{FAE04EC0-301F-11D3-BF4B-00C04F79EFBC}") = "MFSFinalProject", "MFSFinalProject\MFSFinalProject.csproj", "{A6042794-C136-431C-800D-0E1C210C682B}"
EndProject
Project("{54435603-DBB4-11D2-8724-00A0C9A8B90C}") = "SetupMFS", "SetupMFS\SetupMFS.vdproj", "{9D81A23B-48D9-40AA-A2A9-AEB42EF11344}"
EndProject
Project("{54435603-DBB4-11D2-8724-00A0C9A8B90C}") = "MFS", "MFS\MFS.vdproj", "{A1FD470C-F7C2-427F-BF42-69DE9A74CEEA}"
EndProject
Global
	GlobalSection(SolutionConfigurationPlatforms) = preSolution
		Debug|Any CPU = Debug|Any CPU
		Release|Any CPU = Release|Any CPU
	EndGlobalSection
	GlobalSection(ProjectConfigurationPlatforms) = postSolution
		{A6042794-C136-431C-800D-0E1C210C682B}.Debug|Any CPU.ActiveCfg = Debug|Any CPU
		{A6042794-C136-431C-800D-0E1C210C682B}.Debug|Any CPU.Build.0 = Debug|Any CPU
		{A6042794-C136-431C-800D-0E1C210C682B}.Release|Any CPU.ActiveCfg = Release|Any CPU
		{A6042794-C136-431C-800D-0E1C210C682B}.Release|Any CPU.Build.0 = Release|Any CPU
		{9D81A23B-48D9-40AA-A2A9-AEB42EF11344}.Debug|Any CPU.ActiveCfg = Debug
		{9D81A23B-48D9-40AA-A2A9-AEB42EF11344}.Release|Any CPU.ActiveCfg = Release
		{A1FD470C-F7C2-427F-BF42-69DE9A74CEEA}.Debug|Any CPU.ActiveCfg = Debug
		{A1FD470C-F7C2-427F-BF42-69DE9A74CEEA}.Release|Any CPU.ActiveCfg = Release
	EndGlobalSection
	GlobalSection(SolutionProperties) = preSolution
		HideSolutionNode = FALSE
	EndGlobalSection
	GlobalSection(SolutionConfigurationPlatforms) = preSolution
		Debug|Any CPU = Debug|Any CPU
		Release|Any CPU = Release|Any CPU
	EndGlobalSection
EndGlobal
